
Microsoft Visual Studio Solution File, Format Version 12.00
# Visual Studio Version 16
VisualStudioVersion = 16.0.33328.57
MinimumVisualStudioVersion = 10.0.40219.1
Project("{FAE04EC0-301F-11D3-BF4B-00C04F79EFBC}") = "Intro To Web", "Intro To Web\Intro To Web.csproj", "{F0C93D78-308B-4925-8430-701AB1F2D99A}"
EndProject
Global
	GlobalSection(SolutionConfigurationPlatforms) = preSolution
		Debug|Any CPU = Debug|Any CPU
		Release|Any CPU = Release|Any CPU
	EndGlobalSection
	GlobalSection(ProjectConfigurationPlatforms) = postSolution
		{F0C93D78-308B-4925-8430-701AB1F2D99A}.Debug|Any CPU.ActiveCfg = Debug|Any CPU
		{F0C93D78-308B-4925-8430-701AB1F2D99A}.Debug|Any CPU.Build.0 = Debug|Any CPU
		{F0C93D78-308B-4925-8430-701AB1F2D99A}.Release|Any CPU.ActiveCfg = Release|Any CPU
		{F0C93D78-308B-4925-8430-701AB1F2D99A}.Release|Any CPU.Build.0 = Release|Any CPU
	EndGlobalSection
	GlobalSection(SolutionProperties) = preSolution
		HideSolutionNode = FALSE
	EndGlobalSection
	GlobalSection(ExtensibilityGlobals) = postSolution
		SolutionGuid = {1B7B0A74-5C53-4D6B-8298-D28573509EAB}
	EndGlobalSection
EndGlobal
