
Microsoft Visual Studio Solution File, Format Version 12.00
# Visual Studio Version 16
VisualStudioVersion = 16.0.33328.57
MinimumVisualStudioVersion = 10.0.40219.1
Project("{FAE04EC0-301F-11D3-BF4B-00C04F79EFBC}") = "ValidationControl", "ValidationControl\ValidationControl.csproj", "{5EA548EC-5369-4EB0-9B1E-9E8DB72AAE5B}"
EndProject
Global
	GlobalSection(SolutionConfigurationPlatforms) = preSolution
		Debug|Any CPU = Debug|Any CPU
		Release|Any CPU = Release|Any CPU
	EndGlobalSection
	GlobalSection(ProjectConfigurationPlatforms) = postSolution
		{5EA548EC-5369-4EB0-9B1E-9E8DB72AAE5B}.Debug|Any CPU.ActiveCfg = Debug|Any CPU
		{5EA548EC-5369-4EB0-9B1E-9E8DB72AAE5B}.Debug|Any CPU.Build.0 = Debug|Any CPU
		{5EA548EC-5369-4EB0-9B1E-9E8DB72AAE5B}.Release|Any CPU.ActiveCfg = Release|Any CPU
		{5EA548EC-5369-4EB0-9B1E-9E8DB72AAE5B}.Release|Any CPU.Build.0 = Release|Any CPU
	EndGlobalSection
	GlobalSection(SolutionProperties) = preSolution
		HideSolutionNode = FALSE
	EndGlobalSection
	GlobalSection(ExtensibilityGlobals) = postSolution
		SolutionGuid = {3FE9664D-E023-4547-A463-3E6C008EF9AA}
	EndGlobalSection
EndGlobal
